
Microsoft Visual Studio Solution File, Format Version 12.00
# Visual Studio 15
VisualStudioVersion = 15.0.27130.2026
MinimumVisualStudioVersion = 10.0.40219.1
Project("{8BC9CEB8-8B4A-11D0-8D11-00A0C91BC942}") = "1.2", "1.2\1.2.vcxproj", "{596CD9A4-CD51-42E8-BB4D-B2216642529F}"
EndProject
Global
	GlobalSection(SolutionConfigurationPlatforms) = preSolution
		Debug|x64 = Debug|x64
		Debug|x86 = Debug|x86
		Release|x64 = Release|x64
		Release|x86 = Release|x86
	EndGlobalSection
	GlobalSection(ProjectConfigurationPlatforms) = postSolution
		{596CD9A4-CD51-42E8-BB4D-B2216642529F}.Debug|x64.ActiveCfg = Debug|x64
		{596CD9A4-CD51-42E8-BB4D-B2216642529F}.Debug|x64.Build.0 = Debug|x64
		{596CD9A4-CD51-42E8-BB4D-B2216642529F}.Debug|x86.ActiveCfg = Debug|Win32
		{596CD9A4-CD51-42E8-BB4D-B2216642529F}.Debug|x86.Build.0 = Debug|Win32
		{596CD9A4-CD51-42E8-BB4D-B2216642529F}.Release|x64.ActiveCfg = Release|x64
		{596CD9A4-CD51-42E8-BB4D-B2216642529F}.Release|x64.Build.0 = Release|x64
		{596CD9A4-CD51-42E8-BB4D-B2216642529F}.Release|x86.ActiveCfg = Release|Win32
		{596CD9A4-CD51-42E8-BB4D-B2216642529F}.Release|x86.Build.0 = Release|Win32
	EndGlobalSection
	GlobalSection(SolutionProperties) = preSolution
		HideSolutionNode = FALSE
	EndGlobalSection
	GlobalSection(ExtensibilityGlobals) = postSolution
		SolutionGuid = {CF84CE76-9B9E-4FC8-A2A6-47E6057E9F59}
	EndGlobalSection
EndGlobal
