
Microsoft Visual Studio Solution File, Format Version 12.00
# Visual Studio Version 16
VisualStudioVersion = 16.0.28922.388
MinimumVisualStudioVersion = 10.0.40219.1
Project("{8BC9CEB8-8B4A-11D0-8D11-00A0C91BC942}") = "Project10", "Project10.vcxproj", "{73F66EC6-25E5-4CF9-91CF-FC5010885A55}"
EndProject
Global
	GlobalSection(SolutionConfigurationPlatforms) = preSolution
		Debug|x64 = Debug|x64
		Debug|x86 = Debug|x86
		Release|x64 = Release|x64
		Release|x86 = Release|x86
	EndGlobalSection
	GlobalSection(ProjectConfigurationPlatforms) = postSolution
		{73F66EC6-25E5-4CF9-91CF-FC5010885A55}.Debug|x64.ActiveCfg = Debug|x64
		{73F66EC6-25E5-4CF9-91CF-FC5010885A55}.Debug|x64.Build.0 = Debug|x64
		{73F66EC6-25E5-4CF9-91CF-FC5010885A55}.Debug|x86.ActiveCfg = Debug|Win32
		{73F66EC6-25E5-4CF9-91CF-FC5010885A55}.Debug|x86.Build.0 = Debug|Win32
		{73F66EC6-25E5-4CF9-91CF-FC5010885A55}.Release|x64.ActiveCfg = Release|x64
		{73F66EC6-25E5-4CF9-91CF-FC5010885A55}.Release|x64.Build.0 = Release|x64
		{73F66EC6-25E5-4CF9-91CF-FC5010885A55}.Release|x86.ActiveCfg = Release|Win32
		{73F66EC6-25E5-4CF9-91CF-FC5010885A55}.Release|x86.Build.0 = Release|Win32
	EndGlobalSection
	GlobalSection(SolutionProperties) = preSolution
		HideSolutionNode = FALSE
	EndGlobalSection
	GlobalSection(ExtensibilityGlobals) = postSolution
		SolutionGuid = {759F956B-32C9-4784-990B-59524DB1D77F}
	EndGlobalSection
EndGlobal
