
Microsoft Visual Studio Solution File, Format Version 12.00
# Visual Studio 15
VisualStudioVersion = 15.0.27130.2026
MinimumVisualStudioVersion = 10.0.40219.1
Project("{8BC9CEB8-8B4A-11D0-8D11-00A0C91BC942}") = "p157 3.6", "p157 3.6\p157 3.6.vcxproj", "{5FAC78B6-F707-40B1-AD1E-44FE18D7828A}"
EndProject
Global
	GlobalSection(SolutionConfigurationPlatforms) = preSolution
		Debug|x64 = Debug|x64
		Debug|x86 = Debug|x86
		Release|x64 = Release|x64
		Release|x86 = Release|x86
	EndGlobalSection
	GlobalSection(ProjectConfigurationPlatforms) = postSolution
		{5FAC78B6-F707-40B1-AD1E-44FE18D7828A}.Debug|x64.ActiveCfg = Debug|x64
		{5FAC78B6-F707-40B1-AD1E-44FE18D7828A}.Debug|x64.Build.0 = Debug|x64
		{5FAC78B6-F707-40B1-AD1E-44FE18D7828A}.Debug|x86.ActiveCfg = Debug|Win32
		{5FAC78B6-F707-40B1-AD1E-44FE18D7828A}.Debug|x86.Build.0 = Debug|Win32
		{5FAC78B6-F707-40B1-AD1E-44FE18D7828A}.Release|x64.ActiveCfg = Release|x64
		{5FAC78B6-F707-40B1-AD1E-44FE18D7828A}.Release|x64.Build.0 = Release|x64
		{5FAC78B6-F707-40B1-AD1E-44FE18D7828A}.Release|x86.ActiveCfg = Release|Win32
		{5FAC78B6-F707-40B1-AD1E-44FE18D7828A}.Release|x86.Build.0 = Release|Win32
	EndGlobalSection
	GlobalSection(SolutionProperties) = preSolution
		HideSolutionNode = FALSE
	EndGlobalSection
	GlobalSection(ExtensibilityGlobals) = postSolution
		SolutionGuid = {4D050AA7-8152-4791-B393-55F20E43ECF9}
	EndGlobalSection
EndGlobal
