
Microsoft Visual Studio Solution File, Format Version 12.00
# Visual Studio 15
VisualStudioVersion = 15.0.27130.2026
MinimumVisualStudioVersion = 10.0.40219.1
Project("{8BC9CEB8-8B4A-11D0-8D11-00A0C91BC942}") = "Project7", "Project7\Project7.vcxproj", "{F597DD8B-D54F-4165-8B59-57DABEB9F947}"
EndProject
Global
	GlobalSection(SolutionConfigurationPlatforms) = preSolution
		Debug|x64 = Debug|x64
		Debug|x86 = Debug|x86
		Release|x64 = Release|x64
		Release|x86 = Release|x86
	EndGlobalSection
	GlobalSection(ProjectConfigurationPlatforms) = postSolution
		{F597DD8B-D54F-4165-8B59-57DABEB9F947}.Debug|x64.ActiveCfg = Debug|x64
		{F597DD8B-D54F-4165-8B59-57DABEB9F947}.Debug|x64.Build.0 = Debug|x64
		{F597DD8B-D54F-4165-8B59-57DABEB9F947}.Debug|x86.ActiveCfg = Debug|Win32
		{F597DD8B-D54F-4165-8B59-57DABEB9F947}.Debug|x86.Build.0 = Debug|Win32
		{F597DD8B-D54F-4165-8B59-57DABEB9F947}.Release|x64.ActiveCfg = Release|x64
		{F597DD8B-D54F-4165-8B59-57DABEB9F947}.Release|x64.Build.0 = Release|x64
		{F597DD8B-D54F-4165-8B59-57DABEB9F947}.Release|x86.ActiveCfg = Release|Win32
		{F597DD8B-D54F-4165-8B59-57DABEB9F947}.Release|x86.Build.0 = Release|Win32
	EndGlobalSection
	GlobalSection(SolutionProperties) = preSolution
		HideSolutionNode = FALSE
	EndGlobalSection
	GlobalSection(ExtensibilityGlobals) = postSolution
		SolutionGuid = {0E2076DA-8DF3-4148-A33C-276449BDD966}
	EndGlobalSection
EndGlobal
