
Microsoft Visual Studio Solution File, Format Version 12.00
# Visual Studio 15
VisualStudioVersion = 15.0.27130.2026
MinimumVisualStudioVersion = 10.0.40219.1
Project("{8BC9CEB8-8B4A-11D0-8D11-00A0C91BC942}") = "sy7_3", "sy7_3\sy7_3.vcxproj", "{748A91B3-E1BE-4860-BF72-11AA2CA7A180}"
EndProject
Global
	GlobalSection(SolutionConfigurationPlatforms) = preSolution
		Debug|x64 = Debug|x64
		Debug|x86 = Debug|x86
		Release|x64 = Release|x64
		Release|x86 = Release|x86
	EndGlobalSection
	GlobalSection(ProjectConfigurationPlatforms) = postSolution
		{748A91B3-E1BE-4860-BF72-11AA2CA7A180}.Debug|x64.ActiveCfg = Debug|x64
		{748A91B3-E1BE-4860-BF72-11AA2CA7A180}.Debug|x64.Build.0 = Debug|x64
		{748A91B3-E1BE-4860-BF72-11AA2CA7A180}.Debug|x86.ActiveCfg = Debug|Win32
		{748A91B3-E1BE-4860-BF72-11AA2CA7A180}.Debug|x86.Build.0 = Debug|Win32
		{748A91B3-E1BE-4860-BF72-11AA2CA7A180}.Release|x64.ActiveCfg = Release|x64
		{748A91B3-E1BE-4860-BF72-11AA2CA7A180}.Release|x64.Build.0 = Release|x64
		{748A91B3-E1BE-4860-BF72-11AA2CA7A180}.Release|x86.ActiveCfg = Release|Win32
		{748A91B3-E1BE-4860-BF72-11AA2CA7A180}.Release|x86.Build.0 = Release|Win32
	EndGlobalSection
	GlobalSection(SolutionProperties) = preSolution
		HideSolutionNode = FALSE
	EndGlobalSection
	GlobalSection(ExtensibilityGlobals) = postSolution
		SolutionGuid = {3023C563-55C7-4F0F-B511-A3212F799615}
	EndGlobalSection
EndGlobal
