
Microsoft Visual Studio Solution File, Format Version 12.00
# Visual Studio Version 16
VisualStudioVersion = 16.0.30503.244
MinimumVisualStudioVersion = 10.0.40219.1
Project("{8BC9CEB8-8B4A-11D0-8D11-00A0C91BC942}") = "day05", "day05\day05.vcxproj", "{F5BBFF37-0700-4378-B9E6-9572BE27023D}"
EndProject
Global
	GlobalSection(SolutionConfigurationPlatforms) = preSolution
		Debug|x64 = Debug|x64
		Debug|x86 = Debug|x86
		Release|x64 = Release|x64
		Release|x86 = Release|x86
	EndGlobalSection
	GlobalSection(ProjectConfigurationPlatforms) = postSolution
		{F5BBFF37-0700-4378-B9E6-9572BE27023D}.Debug|x64.ActiveCfg = Debug|x64
		{F5BBFF37-0700-4378-B9E6-9572BE27023D}.Debug|x64.Build.0 = Debug|x64
		{F5BBFF37-0700-4378-B9E6-9572BE27023D}.Debug|x86.ActiveCfg = Debug|Win32
		{F5BBFF37-0700-4378-B9E6-9572BE27023D}.Debug|x86.Build.0 = Debug|Win32
		{F5BBFF37-0700-4378-B9E6-9572BE27023D}.Release|x64.ActiveCfg = Release|x64
		{F5BBFF37-0700-4378-B9E6-9572BE27023D}.Release|x64.Build.0 = Release|x64
		{F5BBFF37-0700-4378-B9E6-9572BE27023D}.Release|x86.ActiveCfg = Release|Win32
		{F5BBFF37-0700-4378-B9E6-9572BE27023D}.Release|x86.Build.0 = Release|Win32
	EndGlobalSection
	GlobalSection(SolutionProperties) = preSolution
		HideSolutionNode = FALSE
	EndGlobalSection
	GlobalSection(ExtensibilityGlobals) = postSolution
		SolutionGuid = {6FBE52FA-CEE2-4D1A-A079-C3E6FA5FA890}
	EndGlobalSection
EndGlobal
