
Microsoft Visual Studio Solution File, Format Version 12.00
# Visual Studio Version 16
VisualStudioVersion = 16.0.30503.244
MinimumVisualStudioVersion = 10.0.40219.1
Project("{8BC9CEB8-8B4A-11D0-8D11-00A0C91BC942}") = "day07", "day07\day07.vcxproj", "{72327B47-2193-41EA-9AE3-A5FB3559A045}"
EndProject
Global
	GlobalSection(SolutionConfigurationPlatforms) = preSolution
		Debug|x64 = Debug|x64
		Debug|x86 = Debug|x86
		Release|x64 = Release|x64
		Release|x86 = Release|x86
	EndGlobalSection
	GlobalSection(ProjectConfigurationPlatforms) = postSolution
		{72327B47-2193-41EA-9AE3-A5FB3559A045}.Debug|x64.ActiveCfg = Debug|x64
		{72327B47-2193-41EA-9AE3-A5FB3559A045}.Debug|x64.Build.0 = Debug|x64
		{72327B47-2193-41EA-9AE3-A5FB3559A045}.Debug|x86.ActiveCfg = Debug|Win32
		{72327B47-2193-41EA-9AE3-A5FB3559A045}.Debug|x86.Build.0 = Debug|Win32
		{72327B47-2193-41EA-9AE3-A5FB3559A045}.Release|x64.ActiveCfg = Release|x64
		{72327B47-2193-41EA-9AE3-A5FB3559A045}.Release|x64.Build.0 = Release|x64
		{72327B47-2193-41EA-9AE3-A5FB3559A045}.Release|x86.ActiveCfg = Release|Win32
		{72327B47-2193-41EA-9AE3-A5FB3559A045}.Release|x86.Build.0 = Release|Win32
	EndGlobalSection
	GlobalSection(SolutionProperties) = preSolution
		HideSolutionNode = FALSE
	EndGlobalSection
	GlobalSection(ExtensibilityGlobals) = postSolution
		SolutionGuid = {DEF3F5BA-4184-4233-9701-05D9409B306B}
	EndGlobalSection
EndGlobal
