
Microsoft Visual Studio Solution File, Format Version 12.00
# Visual Studio Version 16
VisualStudioVersion = 16.0.28803.352
MinimumVisualStudioVersion = 10.0.40219.1
Project("{8BC9CEB8-8B4A-11D0-8D11-00A0C91BC942}") = "Project9", "Project9\Project9.vcxproj", "{7311649E-0778-45EA-98DF-94EED2C3D981}"
EndProject
Global
	GlobalSection(SolutionConfigurationPlatforms) = preSolution
		Debug|x64 = Debug|x64
		Debug|x86 = Debug|x86
		Release|x64 = Release|x64
		Release|x86 = Release|x86
	EndGlobalSection
	GlobalSection(ProjectConfigurationPlatforms) = postSolution
		{7311649E-0778-45EA-98DF-94EED2C3D981}.Debug|x64.ActiveCfg = Debug|x64
		{7311649E-0778-45EA-98DF-94EED2C3D981}.Debug|x64.Build.0 = Debug|x64
		{7311649E-0778-45EA-98DF-94EED2C3D981}.Debug|x86.ActiveCfg = Debug|Win32
		{7311649E-0778-45EA-98DF-94EED2C3D981}.Debug|x86.Build.0 = Debug|Win32
		{7311649E-0778-45EA-98DF-94EED2C3D981}.Release|x64.ActiveCfg = Release|x64
		{7311649E-0778-45EA-98DF-94EED2C3D981}.Release|x64.Build.0 = Release|x64
		{7311649E-0778-45EA-98DF-94EED2C3D981}.Release|x86.ActiveCfg = Release|Win32
		{7311649E-0778-45EA-98DF-94EED2C3D981}.Release|x86.Build.0 = Release|Win32
	EndGlobalSection
	GlobalSection(SolutionProperties) = preSolution
		HideSolutionNode = FALSE
	EndGlobalSection
	GlobalSection(ExtensibilityGlobals) = postSolution
		SolutionGuid = {E112B7A7-EED1-423D-9138-3CA12D66276F}
	EndGlobalSection
EndGlobal
