
Microsoft Visual Studio Solution File, Format Version 12.00
# Visual Studio 15
VisualStudioVersion = 15.0.27130.2026
MinimumVisualStudioVersion = 10.0.40219.1
Project("{8BC9CEB8-8B4A-11D0-8D11-00A0C91BC942}") = "练手2", "练手2\练手2.vcxproj", "{F05A96CA-39DE-4CAA-BA9F-A0045878B18F}"
EndProject
Global
	GlobalSection(SolutionConfigurationPlatforms) = preSolution
		Debug|x64 = Debug|x64
		Debug|x86 = Debug|x86
		Release|x64 = Release|x64
		Release|x86 = Release|x86
	EndGlobalSection
	GlobalSection(ProjectConfigurationPlatforms) = postSolution
		{F05A96CA-39DE-4CAA-BA9F-A0045878B18F}.Debug|x64.ActiveCfg = Debug|x64
		{F05A96CA-39DE-4CAA-BA9F-A0045878B18F}.Debug|x64.Build.0 = Debug|x64
		{F05A96CA-39DE-4CAA-BA9F-A0045878B18F}.Debug|x86.ActiveCfg = Debug|Win32
		{F05A96CA-39DE-4CAA-BA9F-A0045878B18F}.Debug|x86.Build.0 = Debug|Win32
		{F05A96CA-39DE-4CAA-BA9F-A0045878B18F}.Release|x64.ActiveCfg = Release|x64
		{F05A96CA-39DE-4CAA-BA9F-A0045878B18F}.Release|x64.Build.0 = Release|x64
		{F05A96CA-39DE-4CAA-BA9F-A0045878B18F}.Release|x86.ActiveCfg = Release|Win32
		{F05A96CA-39DE-4CAA-BA9F-A0045878B18F}.Release|x86.Build.0 = Release|Win32
	EndGlobalSection
	GlobalSection(SolutionProperties) = preSolution
		HideSolutionNode = FALSE
	EndGlobalSection
	GlobalSection(ExtensibilityGlobals) = postSolution
		SolutionGuid = {7380A2FD-37B6-487F-B18D-719D1B70B7AE}
	EndGlobalSection
EndGlobal
